# @generated by Move, please check-in and do not edit manually.

[move]
version = 0
manifest_digest = "915D6459031D76A0618631BDF08328171A3494876C5E17735BCBFF462BEDF464"
deps_digest = "3C4103934B1E040BB6B23F1D610B4EF9F2F1166A50A104EADCF77467C004C600"

dependencies = [
  { name = "Iota" },
  { name = "Wormhole" },
]

[[move.package]]
name = "Iota"
source = { git = "https://github.com/iotaledger/iota.git", rev = "751c23caf24efd071463b9ffd07eabcb15f44f31", subdir = "crates/iota-framework/packages/iota-framework" }

dependencies = [
  { name = "MoveStdlib" },
]

[[move.package]]
name = "MoveStdlib"
source = { git = "https://github.com/iotaledger/iota.git", rev = "751c23caf24efd071463b9ffd07eabcb15f44f31", subdir = "crates/iota-framework/packages/move-stdlib" }

[[move.package]]
name = "Wormhole"
source = { local = "../vendor/wormhole_iota_testnet/wormhole" }

dependencies = [
  { name = "Iota" },
]

[move.toolchain-version]
compiler-version = "0.9.2-rc"
edition = "2024.beta"
flavor = "iota"
