{
  "../../../target_chains/ethereum/sdk/stylus/pyth-mock-solidity/lib/forge-std": {
    "rev": "1eea5bae12ae557d589f9f0f0edae2faa47cb262"
  },
  "../../../target_chains/ethereum/sdk/stylus/pyth-mock-solidity/lib/openzeppelin-contracts-upgradeable": {
    "rev": "fa525310e45f91eb20a6d3baa2644be8e0adba31"
  },
  "../../../target_chains/ethereum/sdk/stylus/pyth-mock-solidity/lib/openzeppelin-foundry-upgrades": {
    "rev": "16e0ae21e0e39049f619f2396fa28c57fad07368"
  },
  "lib/createx": {
    "rev": "cbac803268835138f86a69bfe01fcf05a50e0447"
  },
  "lib/forge-std": {
    "rev": "1eea5bae12ae557d589f9f0f0edae2faa47cb262"
  },
  "lib/openzeppelin-contracts": {
    "rev": "69c8def5f222ff96f2b5beff05dfba996368aa79"
  },
  "lib/openzeppelin-contracts-upgradeable": {
    "rev": "fa525310e45f91eb20a6d3baa2644be8e0adba31"
  }
}
