{
  "name": "solana-integration-tests-generator",
  "version": "0.1.0",
  "lockfileVersion": 3,
  "requires": true,
  "packages": {
    "": {
      "name": "solana-integration-tests-generator",
      "version": "0.1.0",
      "dependencies": {
        "@codama/nodes": "^1.5.1",
        "@codama/nodes-from-anchor": "^1.4.0",
        "@codama/renderers-rust": "^3.0.0",
        "@codama/visitors": "^1.5.1",
        "@codama/visitors-core": "^1.5.1",
        "codama": "^1.5.1"
      }
    },
    "node_modules/@codama/cli": {
      "version": "1.5.0",
      "resolved": "https://registry.npmjs.org/@codama/cli/-/cli-1.5.0.tgz",
      "integrity": "sha512-+q62IvEA6o7ji/mcnGgAvyPWyiFx3cojVGrFNG8NSm0zFXrBk1lT3n/qg+2Ag8C8aHwno9boXgDTxV+P5VCDYw==",
      "license": "MIT",
      "dependencies": {
        "@codama/nodes": "1.5.1",
        "@codama/visitors": "1.5.1",
        "@codama/visitors-core": "1.5.1",
        "commander": "^14.0.2",
        "picocolors": "^1.1.1",
        "prompts": "^2.4.2"
      },
      "bin": {
        "codama": "bin/cli.cjs"
      }
    },
    "node_modules/@codama/errors": {
      "version": "1.5.1",
      "resolved": "https://registry.npmjs.org/@codama/errors/-/errors-1.5.1.tgz",
      "integrity": "sha512-kdLk/OSLBt03DoViRU1Xr0M7NZ7J/CSqaXV8fooF9qMRGPRJdgUeW2VkCGlLXDQSaIALrls3HkHmKRKbqqjSOA==",
      "license": "MIT",
      "dependencies": {
        "@codama/node-types": "1.5.1",
        "commander": "^14.0.2",
        "picocolors": "^1.1.1"
      },
      "bin": {
        "errors": "bin/cli.cjs"
      }
    },
    "node_modules/@codama/node-types": {
      "version": "1.5.1",
      "resolved": "https://registry.npmjs.org/@codama/node-types/-/node-types-1.5.1.tgz",
      "integrity": "sha512-jMGz93MSszb1iXAAyWWa0i7RQbLxGihLKRZ+zr9aBsjaFFmhXhONfTFeSXzbEfc05cajpd/gW2QI7xmQHlUDKQ==",
      "license": "MIT"
    },
    "node_modules/@codama/nodes": {
      "version": "1.5.1",
      "resolved": "https://registry.npmjs.org/@codama/nodes/-/nodes-1.5.1.tgz",
      "integrity": "sha512-6fIoH5Cfa5dFUE1fRxymZloeNg02klOT4fHsWwQavkkRWkoySgiti//w0j1itiZj6j5O+usujrwsZUJqSFjnhQ==",
      "license": "MIT",
      "dependencies": {
        "@codama/errors": "1.5.1",
        "@codama/node-types": "1.5.1"
      }
    },
    "node_modules/@codama/nodes-from-anchor": {
      "version": "1.4.0",
      "resolved": "https://registry.npmjs.org/@codama/nodes-from-anchor/-/nodes-from-anchor-1.4.0.tgz",
      "integrity": "sha512-RAn2I1SI8LPvFOFFOeG5AK4wtXc/olcGa7tebHH30zeY3t0cYbi2Y86hDck4pFC57KQWmKQFAOwvdCj5zAVaEA==",
      "license": "MIT",
      "dependencies": {
        "@codama/errors": "1.5.1",
        "@codama/nodes": "1.5.1",
        "@codama/visitors": "1.5.1",
        "@noble/hashes": "^2.0.1",
        "@solana/codecs": "^5.3.0"
      }
    },
    "node_modules/@codama/renderers-core": {
      "version": "1.3.6",
      "resolved": "https://registry.npmjs.org/@codama/renderers-core/-/renderers-core-1.3.6.tgz",
      "integrity": "sha512-m3yAmhrObnagyC7d8g9bZxyLC5YMpttLagRE0aAKD4zlDDh23o3zV7TxSYCh2nRCg5ObceflgvXdauIHUm/6Xg==",
      "license": "MIT",
      "dependencies": {
        "@codama/errors": "1.5.1",
        "@codama/nodes": "1.5.1",
        "@codama/visitors-core": "1.5.1"
      }
    },
    "node_modules/@codama/renderers-rust": {
      "version": "3.0.0",
      "resolved": "https://registry.npmjs.org/@codama/renderers-rust/-/renderers-rust-3.0.0.tgz",
      "integrity": "sha512-ompxoDfZGF2OtCDoSHfG+hwbsmTgzesFx7LwQMyNxiBRIHL23b6ct61CNABho5TQe/svsh679USmeUCtURHxMQ==",
      "license": "MIT",
      "dependencies": {
        "@codama/errors": "^1.5.0",
        "@codama/nodes": "^1.5.0",
        "@codama/renderers-core": "^1.3.5",
        "@codama/visitors-core": "^1.5.0",
        "@iarna/toml": "^2.2.5",
        "@solana/codecs-strings": "^6.0.0",
        "nunjucks": "^3.2.4",
        "semver": "^7.7.3"
      },
      "engines": {
        "node": ">=20.18.0"
      }
    },
    "node_modules/@codama/validators": {
      "version": "1.5.1",
      "resolved": "https://registry.npmjs.org/@codama/validators/-/validators-1.5.1.tgz",
      "integrity": "sha512-aUXl39AMa091CBWpYiK2XCXP/uyKOOtAT399TzRld3z8dIH9E0fGyu4ocP+IhQKXWXDPsh7V3qPmqsdyevOPcQ==",
      "license": "MIT",
      "dependencies": {
        "@codama/errors": "1.5.1",
        "@codama/nodes": "1.5.1",
        "@codama/visitors-core": "1.5.1"
      }
    },
    "node_modules/@codama/visitors": {
      "version": "1.5.1",
      "resolved": "https://registry.npmjs.org/@codama/visitors/-/visitors-1.5.1.tgz",
      "integrity": "sha512-8WcGP1tJKtqBfZ4mJsBRPjZ/H6+SPLWmiUoDTXRrVePQE4X4Yb04o6BoX2Uc3heZbfEc0rXdM1w8HTFvXBX4/A==",
      "license": "MIT",
      "dependencies": {
        "@codama/errors": "1.5.1",
        "@codama/nodes": "1.5.1",
        "@codama/visitors-core": "1.5.1"
      }
    },
    "node_modules/@codama/visitors-core": {
      "version": "1.5.1",
      "resolved": "https://registry.npmjs.org/@codama/visitors-core/-/visitors-core-1.5.1.tgz",
      "integrity": "sha512-JotrDJLI7OfPNHulu4KtPfUDF/FYMC3RgEnv9lu47Fiiy0upbGAw1NorgBuoreyJ9Uj0GZyHt7Q5rjrCoa1U0g==",
      "license": "MIT",
      "dependencies": {
        "@codama/errors": "1.5.1",
        "@codama/nodes": "1.5.1",
        "json-stable-stringify": "^1.3.0"
      }
    },
    "node_modules/@iarna/toml": {
      "version": "2.2.5",
      "resolved": "https://registry.npmjs.org/@iarna/toml/-/toml-2.2.5.tgz",
      "integrity": "sha512-trnsAYxU3xnS1gPHPyU961coFyLkh4gAD/0zQ5mymY4yOZ+CYvsPqUbOFSw0aDM4y0tV7tiFxL/1XfXPNC6IPg==",
      "license": "ISC"
    },
    "node_modules/@noble/hashes": {
      "version": "2.0.1",
      "resolved": "https://registry.npmjs.org/@noble/hashes/-/hashes-2.0.1.tgz",
      "integrity": "sha512-XlOlEbQcE9fmuXxrVTXCTlG2nlRXa9Rj3rr5Ue/+tX+nmkgbX720YHh0VR3hBF9xDvwnb8D2shVGOwNx+ulArw==",
      "license": "MIT",
      "engines": {
        "node": ">= 20.19.0"
      },
      "funding": {
        "url": "https://paulmillr.com/funding/"
      }
    },
    "node_modules/@solana/codecs": {
      "version": "5.5.1",
      "resolved": "https://registry.npmjs.org/@solana/codecs/-/codecs-5.5.1.tgz",
      "integrity": "sha512-Vea29nJub/bXjfzEV7ZZQ/PWr1pYLZo3z0qW0LQL37uKKVzVFRQlwetd7INk3YtTD3xm9WUYr7bCvYUk3uKy2g==",
      "license": "MIT",
      "dependencies": {
        "@solana/codecs-core": "5.5.1",
        "@solana/codecs-data-structures": "5.5.1",
        "@solana/codecs-numbers": "5.5.1",
        "@solana/codecs-strings": "5.5.1",
        "@solana/options": "5.5.1"
      },
      "engines": {
        "node": ">=20.18.0"
      },
      "peerDependencies": {
        "typescript": "^5.0.0"
      },
      "peerDependenciesMeta": {
        "typescript": {
          "optional": true
        }
      }
    },
    "node_modules/@solana/codecs-core": {
      "version": "5.5.1",
      "resolved": "https://registry.npmjs.org/@solana/codecs-core/-/codecs-core-5.5.1.tgz",
      "integrity": "sha512-TgBt//bbKBct0t6/MpA8ElaOA3sa8eYVvR7LGslCZ84WiAwwjCY0lW/lOYsFHJQzwREMdUyuEyy5YWBKtdh8Rw==",
      "license": "MIT",
      "dependencies": {
        "@solana/errors": "5.5.1"
      },
      "engines": {
        "node": ">=20.18.0"
      },
      "peerDependencies": {
        "typescript": "^5.0.0"
      },
      "peerDependenciesMeta": {
        "typescript": {
          "optional": true
        }
      }
    },
    "node_modules/@solana/codecs-data-structures": {
      "version": "5.5.1",
      "resolved": "https://registry.npmjs.org/@solana/codecs-data-structures/-/codecs-data-structures-5.5.1.tgz",
      "integrity": "sha512-97bJWGyUY9WvBz3mX1UV3YPWGDTez6btCfD0ip3UVEXJbItVuUiOkzcO5iFDUtQT5riKT6xC+Mzl+0nO76gd0w==",
      "license": "MIT",
      "dependencies": {
        "@solana/codecs-core": "5.5.1",
        "@solana/codecs-numbers": "5.5.1",
        "@solana/errors": "5.5.1"
      },
      "engines": {
        "node": ">=20.18.0"
      },
      "peerDependencies": {
        "typescript": "^5.0.0"
      },
      "peerDependenciesMeta": {
        "typescript": {
          "optional": true
        }
      }
    },
    "node_modules/@solana/codecs-numbers": {
      "version": "5.5.1",
      "resolved": "https://registry.npmjs.org/@solana/codecs-numbers/-/codecs-numbers-5.5.1.tgz",
      "integrity": "sha512-rllMIZAHqmtvC0HO/dc/21wDuWaD0B8Ryv8o+YtsICQBuiL/0U4AGwH7Pi5GNFySYk0/crSuwfIqQFtmxNSPFw==",
      "license": "MIT",
      "dependencies": {
        "@solana/codecs-core": "5.5.1",
        "@solana/errors": "5.5.1"
      },
      "engines": {
        "node": ">=20.18.0"
      },
      "peerDependencies": {
        "typescript": "^5.0.0"
      },
      "peerDependenciesMeta": {
        "typescript": {
          "optional": true
        }
      }
    },
    "node_modules/@solana/codecs-strings": {
      "version": "6.5.0",
      "resolved": "https://registry.npmjs.org/@solana/codecs-strings/-/codecs-strings-6.5.0.tgz",
      "integrity": "sha512-9TuQQxumA9gWJeJzbv1GUg0+o0nZp204EijX3efR+lgBOKbkU7W0UWp33ygAZ+RvWE+kTs48ePoYoJ7UHpyxkQ==",
      "license": "MIT",
      "dependencies": {
        "@solana/codecs-core": "6.5.0",
        "@solana/codecs-numbers": "6.5.0",
        "@solana/errors": "6.5.0"
      },
      "engines": {
        "node": ">=20.18.0"
      },
      "peerDependencies": {
        "fastestsmallesttextencoderdecoder": "^1.0.22",
        "typescript": "^5.0.0"
      },
      "peerDependenciesMeta": {
        "fastestsmallesttextencoderdecoder": {
          "optional": true
        },
        "typescript": {
          "optional": true
        }
      }
    },
    "node_modules/@solana/codecs-strings/node_modules/@solana/codecs-core": {
      "version": "6.5.0",
      "resolved": "https://registry.npmjs.org/@solana/codecs-core/-/codecs-core-6.5.0.tgz",
      "integrity": "sha512-Wb+YUj7vUKz5CxqZkrkugtQjxOP2fkMKnffySRlAmVAkpRnQvBY/2eP3VJAKTgDD4ru9xHSIQSpDu09hC/cQZg==",
      "license": "MIT",
      "dependencies": {
        "@solana/errors": "6.5.0"
      },
      "engines": {
        "node": ">=20.18.0"
      },
      "peerDependencies": {
        "typescript": "^5.0.0"
      },
      "peerDependenciesMeta": {
        "typescript": {
          "optional": true
        }
      }
    },
    "node_modules/@solana/codecs-strings/node_modules/@solana/codecs-numbers": {
      "version": "6.5.0",
      "resolved": "https://registry.npmjs.org/@solana/codecs-numbers/-/codecs-numbers-6.5.0.tgz",
      "integrity": "sha512-gU/7eYqD+zl2Kwzo7ctt7YHaxF+c3RX164F+iU4X02dwq8DGVcypp+kmEF1QaO6OiShtdryTxhL+JJmEBjhdfA==",
      "license": "MIT",
      "dependencies": {
        "@solana/codecs-core": "6.5.0",
        "@solana/errors": "6.5.0"
      },
      "engines": {
        "node": ">=20.18.0"
      },
      "peerDependencies": {
        "typescript": "^5.0.0"
      },
      "peerDependenciesMeta": {
        "typescript": {
          "optional": true
        }
      }
    },
    "node_modules/@solana/codecs-strings/node_modules/@solana/errors": {
      "version": "6.5.0",
      "resolved": "https://registry.npmjs.org/@solana/errors/-/errors-6.5.0.tgz",
      "integrity": "sha512-XPc0I8Ck6vgx8Uu+LVLewx/1RWDkXkY3lU+1aN1kmbrPAQWbX4Txk7GPmuIIFpyys8o5aKocYfNxJOPKvfaQhg==",
      "license": "MIT",
      "dependencies": {
        "chalk": "5.6.2",
        "commander": "14.0.3"
      },
      "bin": {
        "errors": "bin/cli.mjs"
      },
      "engines": {
        "node": ">=20.18.0"
      },
      "peerDependencies": {
        "typescript": "^5.0.0"
      },
      "peerDependenciesMeta": {
        "typescript": {
          "optional": true
        }
      }
    },
    "node_modules/@solana/codecs/node_modules/@solana/codecs-strings": {
      "version": "5.5.1",
      "resolved": "https://registry.npmjs.org/@solana/codecs-strings/-/codecs-strings-5.5.1.tgz",
      "integrity": "sha512-7klX4AhfHYA+uKKC/nxRGP2MntbYQCR3N6+v7bk1W/rSxYuhNmt+FN8aoThSZtWIKwN6BEyR1167ka8Co1+E7A==",
      "license": "MIT",
      "dependencies": {
        "@solana/codecs-core": "5.5.1",
        "@solana/codecs-numbers": "5.5.1",
        "@solana/errors": "5.5.1"
      },
      "engines": {
        "node": ">=20.18.0"
      },
      "peerDependencies": {
        "fastestsmallesttextencoderdecoder": "^1.0.22",
        "typescript": "^5.0.0"
      },
      "peerDependenciesMeta": {
        "fastestsmallesttextencoderdecoder": {
          "optional": true
        },
        "typescript": {
          "optional": true
        }
      }
    },
    "node_modules/@solana/errors": {
      "version": "5.5.1",
      "resolved": "https://registry.npmjs.org/@solana/errors/-/errors-5.5.1.tgz",
      "integrity": "sha512-vFO3p+S7HoyyrcAectnXbdsMfwUzY2zYFUc2DEe5BwpiE9J1IAxPBGjOWO6hL1bbYdBrlmjNx8DXCslqS+Kcmg==",
      "license": "MIT",
      "dependencies": {
        "chalk": "5.6.2",
        "commander": "14.0.2"
      },
      "bin": {
        "errors": "bin/cli.mjs"
      },
      "engines": {
        "node": ">=20.18.0"
      },
      "peerDependencies": {
        "typescript": "^5.0.0"
      },
      "peerDependenciesMeta": {
        "typescript": {
          "optional": true
        }
      }
    },
    "node_modules/@solana/errors/node_modules/commander": {
      "version": "14.0.2",
      "resolved": "https://registry.npmjs.org/commander/-/commander-14.0.2.tgz",
      "integrity": "sha512-TywoWNNRbhoD0BXs1P3ZEScW8W5iKrnbithIl0YH+uCmBd0QpPOA8yc82DS3BIE5Ma6FnBVUsJ7wVUDz4dvOWQ==",
      "license": "MIT",
      "engines": {
        "node": ">=20"
      }
    },
    "node_modules/@solana/options": {
      "version": "5.5.1",
      "resolved": "https://registry.npmjs.org/@solana/options/-/options-5.5.1.tgz",
      "integrity": "sha512-eo971c9iLNLmk+yOFyo7yKIJzJ/zou6uKpy6mBuyb/thKtS/haiKIc3VLhyTXty3OH2PW8yOlORJnv4DexJB8A==",
      "license": "MIT",
      "dependencies": {
        "@solana/codecs-core": "5.5.1",
        "@solana/codecs-data-structures": "5.5.1",
        "@solana/codecs-numbers": "5.5.1",
        "@solana/codecs-strings": "5.5.1",
        "@solana/errors": "5.5.1"
      },
      "engines": {
        "node": ">=20.18.0"
      },
      "peerDependencies": {
        "typescript": "^5.0.0"
      },
      "peerDependenciesMeta": {
        "typescript": {
          "optional": true
        }
      }
    },
    "node_modules/@solana/options/node_modules/@solana/codecs-strings": {
      "version": "5.5.1",
      "resolved": "https://registry.npmjs.org/@solana/codecs-strings/-/codecs-strings-5.5.1.tgz",
      "integrity": "sha512-7klX4AhfHYA+uKKC/nxRGP2MntbYQCR3N6+v7bk1W/rSxYuhNmt+FN8aoThSZtWIKwN6BEyR1167ka8Co1+E7A==",
      "license": "MIT",
      "dependencies": {
        "@solana/codecs-core": "5.5.1",
        "@solana/codecs-numbers": "5.5.1",
        "@solana/errors": "5.5.1"
      },
      "engines": {
        "node": ">=20.18.0"
      },
      "peerDependencies": {
        "fastestsmallesttextencoderdecoder": "^1.0.22",
        "typescript": "^5.0.0"
      },
      "peerDependenciesMeta": {
        "fastestsmallesttextencoderdecoder": {
          "optional": true
        },
        "typescript": {
          "optional": true
        }
      }
    },
    "node_modules/a-sync-waterfall": {
      "version": "1.0.1",
      "resolved": "https://registry.npmjs.org/a-sync-waterfall/-/a-sync-waterfall-1.0.1.tgz",
      "integrity": "sha512-RYTOHHdWipFUliRFMCS4X2Yn2X8M87V/OpSqWzKKOGhzqyUxzyVmhHDH9sAvG+ZuQf/TAOFsLCpMw09I1ufUnA==",
      "license": "MIT"
    },
    "node_modules/asap": {
      "version": "2.0.6",
      "resolved": "https://registry.npmjs.org/asap/-/asap-2.0.6.tgz",
      "integrity": "sha512-BSHWgDSAiKs50o2Re8ppvp3seVHXSRM44cdSsT9FfNEUUZLOGWVCsiWaRPWM1Znn+mqZ1OfVZ3z3DWEzSp7hRA==",
      "license": "MIT"
    },
    "node_modules/call-bind": {
      "version": "1.0.8",
      "resolved": "https://registry.npmjs.org/call-bind/-/call-bind-1.0.8.tgz",
      "integrity": "sha512-oKlSFMcMwpUg2ednkhQ454wfWiU/ul3CkJe/PEHcTKuiX6RpbehUiFMXu13HalGZxfUwCQzZG747YXBn1im9ww==",
      "license": "MIT",
      "dependencies": {
        "call-bind-apply-helpers": "^1.0.0",
        "es-define-property": "^1.0.0",
        "get-intrinsic": "^1.2.4",
        "set-function-length": "^1.2.2"
      },
      "engines": {
        "node": ">= 0.4"
      },
      "funding": {
        "url": "https://github.com/sponsors/ljharb"
      }
    },
    "node_modules/call-bind-apply-helpers": {
      "version": "1.0.2",
      "resolved": "https://registry.npmjs.org/call-bind-apply-helpers/-/call-bind-apply-helpers-1.0.2.tgz",
      "integrity": "sha512-Sp1ablJ0ivDkSzjcaJdxEunN5/XvksFJ2sMBFfq6x0ryhQV/2b/KwFe21cMpmHtPOSij8K99/wSfoEuTObmuMQ==",
      "license": "MIT",
      "dependencies": {
        "es-errors": "^1.3.0",
        "function-bind": "^1.1.2"
      },
      "engines": {
        "node": ">= 0.4"
      }
    },
    "node_modules/call-bound": {
      "version": "1.0.4",
      "resolved": "https://registry.npmjs.org/call-bound/-/call-bound-1.0.4.tgz",
      "integrity": "sha512-+ys997U96po4Kx/ABpBCqhA9EuxJaQWDQg7295H4hBphv3IZg0boBKuwYpt4YXp6MZ5AmZQnU/tyMTlRpaSejg==",
      "license": "MIT",
      "dependencies": {
        "call-bind-apply-helpers": "^1.0.2",
        "get-intrinsic": "^1.3.0"
      },
      "engines": {
        "node": ">= 0.4"
      },
      "funding": {
        "url": "https://github.com/sponsors/ljharb"
      }
    },
    "node_modules/chalk": {
      "version": "5.6.2",
      "resolved": "https://registry.npmjs.org/chalk/-/chalk-5.6.2.tgz",
      "integrity": "sha512-7NzBL0rN6fMUW+f7A6Io4h40qQlG+xGmtMxfbnH/K7TAtt8JQWVQK+6g0UXKMeVJoyV5EkkNsErQ8pVD3bLHbA==",
      "license": "MIT",
      "engines": {
        "node": "^12.17.0 || ^14.13 || >=16.0.0"
      },
      "funding": {
        "url": "https://github.com/chalk/chalk?sponsor=1"
      }
    },
    "node_modules/codama": {
      "version": "1.5.1",
      "resolved": "https://registry.npmjs.org/codama/-/codama-1.5.1.tgz",
      "integrity": "sha512-kZbYgesIxwGNZ1JsYIWFzAsLtBuLZy/S1pCxJZgYaE13NJwDzi+bsEYqRSOUQ9ISN7FJR3SCyAE+vgzvcJpg2A==",
      "license": "MIT",
      "dependencies": {
        "@codama/cli": "1.5.0",
        "@codama/errors": "1.5.1",
        "@codama/nodes": "1.5.1",
        "@codama/validators": "1.5.1",
        "@codama/visitors": "1.5.1"
      },
      "bin": {
        "codama": "bin/cli.cjs"
      }
    },
    "node_modules/commander": {
      "version": "14.0.3",
      "resolved": "https://registry.npmjs.org/commander/-/commander-14.0.3.tgz",
      "integrity": "sha512-H+y0Jo/T1RZ9qPP4Eh1pkcQcLRglraJaSLoyOtHxu6AapkjWVCy2Sit1QQ4x3Dng8qDlSsZEet7g5Pq06MvTgw==",
      "license": "MIT",
      "engines": {
        "node": ">=20"
      }
    },
    "node_modules/define-data-property": {
      "version": "1.1.4",
      "resolved": "https://registry.npmjs.org/define-data-property/-/define-data-property-1.1.4.tgz",
      "integrity": "sha512-rBMvIzlpA8v6E+SJZoo++HAYqsLrkg7MSfIinMPFhmkorw7X+dOXVJQs+QT69zGkzMyfDnIMN2Wid1+NbL3T+A==",
      "license": "MIT",
      "dependencies": {
        "es-define-property": "^1.0.0",
        "es-errors": "^1.3.0",
        "gopd": "^1.0.1"
      },
      "engines": {
        "node": ">= 0.4"
      },
      "funding": {
        "url": "https://github.com/sponsors/ljharb"
      }
    },
    "node_modules/dunder-proto": {
      "version": "1.0.1",
      "resolved": "https://registry.npmjs.org/dunder-proto/-/dunder-proto-1.0.1.tgz",
      "integrity": "sha512-KIN/nDJBQRcXw0MLVhZE9iQHmG68qAVIBg9CqmUYjmQIhgij9U5MFvrqkUL5FbtyyzZuOeOt0zdeRe4UY7ct+A==",
      "license": "MIT",
      "dependencies": {
        "call-bind-apply-helpers": "^1.0.1",
        "es-errors": "^1.3.0",
        "gopd": "^1.2.0"
      },
      "engines": {
        "node": ">= 0.4"
      }
    },
    "node_modules/es-define-property": {
      "version": "1.0.1",
      "resolved": "https://registry.npmjs.org/es-define-property/-/es-define-property-1.0.1.tgz",
      "integrity": "sha512-e3nRfgfUZ4rNGL232gUgX06QNyyez04KdjFrF+LTRoOXmrOgFKDg4BCdsjW8EnT69eqdYGmRpJwiPVYNrCaW3g==",
      "license": "MIT",
      "engines": {
        "node": ">= 0.4"
      }
    },
    "node_modules/es-errors": {
      "version": "1.3.0",
      "resolved": "https://registry.npmjs.org/es-errors/-/es-errors-1.3.0.tgz",
      "integrity": "sha512-Zf5H2Kxt2xjTvbJvP2ZWLEICxA6j+hAmMzIlypy4xcBg1vKVnx89Wy0GbS+kf5cwCVFFzdCFh2XSCFNULS6csw==",
      "license": "MIT",
      "engines": {
        "node": ">= 0.4"
      }
    },
    "node_modules/es-object-atoms": {
      "version": "1.1.1",
      "resolved": "https://registry.npmjs.org/es-object-atoms/-/es-object-atoms-1.1.1.tgz",
      "integrity": "sha512-FGgH2h8zKNim9ljj7dankFPcICIK9Cp5bm+c2gQSYePhpaG5+esrLODihIorn+Pe6FGJzWhXQotPv73jTaldXA==",
      "license": "MIT",
      "dependencies": {
        "es-errors": "^1.3.0"
      },
      "engines": {
        "node": ">= 0.4"
      }
    },
    "node_modules/function-bind": {
      "version": "1.1.2",
      "resolved": "https://registry.npmjs.org/function-bind/-/function-bind-1.1.2.tgz",
      "integrity": "sha512-7XHNxH7qX9xG5mIwxkhumTox/MIRNcOgDrxWsMt2pAr23WHp6MrRlN7FBSFpCpr+oVO0F744iUgR82nJMfG2SA==",
      "license": "MIT",
      "funding": {
        "url": "https://github.com/sponsors/ljharb"
      }
    },
    "node_modules/get-intrinsic": {
      "version": "1.3.0",
      "resolved": "https://registry.npmjs.org/get-intrinsic/-/get-intrinsic-1.3.0.tgz",
      "integrity": "sha512-9fSjSaos/fRIVIp+xSJlE6lfwhES7LNtKaCBIamHsjr2na1BiABJPo0mOjjz8GJDURarmCPGqaiVg5mfjb98CQ==",
      "license": "MIT",
      "dependencies": {
        "call-bind-apply-helpers": "^1.0.2",
        "es-define-property": "^1.0.1",
        "es-errors": "^1.3.0",
        "es-object-atoms": "^1.1.1",
        "function-bind": "^1.1.2",
        "get-proto": "^1.0.1",
        "gopd": "^1.2.0",
        "has-symbols": "^1.1.0",
        "hasown": "^2.0.2",
        "math-intrinsics": "^1.1.0"
      },
      "engines": {
        "node": ">= 0.4"
      },
      "funding": {
        "url": "https://github.com/sponsors/ljharb"
      }
    },
    "node_modules/get-proto": {
      "version": "1.0.1",
      "resolved": "https://registry.npmjs.org/get-proto/-/get-proto-1.0.1.tgz",
      "integrity": "sha512-sTSfBjoXBp89JvIKIefqw7U2CCebsc74kiY6awiGogKtoSGbgjYE/G/+l9sF3MWFPNc9IcoOC4ODfKHfxFmp0g==",
      "license": "MIT",
      "dependencies": {
        "dunder-proto": "^1.0.1",
        "es-object-atoms": "^1.0.0"
      },
      "engines": {
        "node": ">= 0.4"
      }
    },
    "node_modules/gopd": {
      "version": "1.2.0",
      "resolved": "https://registry.npmjs.org/gopd/-/gopd-1.2.0.tgz",
      "integrity": "sha512-ZUKRh6/kUFoAiTAtTYPZJ3hw9wNxx+BIBOijnlG9PnrJsCcSjs1wyyD6vJpaYtgnzDrKYRSqf3OO6Rfa93xsRg==",
      "license": "MIT",
      "engines": {
        "node": ">= 0.4"
      },
      "funding": {
        "url": "https://github.com/sponsors/ljharb"
      }
    },
    "node_modules/has-property-descriptors": {
      "version": "1.0.2",
      "resolved": "https://registry.npmjs.org/has-property-descriptors/-/has-property-descriptors-1.0.2.tgz",
      "integrity": "sha512-55JNKuIW+vq4Ke1BjOTjM2YctQIvCT7GFzHwmfZPGo5wnrgkid0YQtnAleFSqumZm4az3n2BS+erby5ipJdgrg==",
      "license": "MIT",
      "dependencies": {
        "es-define-property": "^1.0.0"
      },
      "funding": {
        "url": "https://github.com/sponsors/ljharb"
      }
    },
    "node_modules/has-symbols": {
      "version": "1.1.0",
      "resolved": "https://registry.npmjs.org/has-symbols/-/has-symbols-1.1.0.tgz",
      "integrity": "sha512-1cDNdwJ2Jaohmb3sg4OmKaMBwuC48sYni5HUw2DvsC8LjGTLK9h+eb1X6RyuOHe4hT0ULCW68iomhjUoKUqlPQ==",
      "license": "MIT",
      "engines": {
        "node": ">= 0.4"
      },
      "funding": {
        "url": "https://github.com/sponsors/ljharb"
      }
    },
    "node_modules/hasown": {
      "version": "2.0.2",
      "resolved": "https://registry.npmjs.org/hasown/-/hasown-2.0.2.tgz",
      "integrity": "sha512-0hJU9SCPvmMzIBdZFqNPXWa6dqh7WdH0cII9y+CyS8rG3nL48Bclra9HmKhVVUHyPWNH5Y7xDwAB7bfgSjkUMQ==",
      "license": "MIT",
      "dependencies": {
        "function-bind": "^1.1.2"
      },
      "engines": {
        "node": ">= 0.4"
      }
    },
    "node_modules/isarray": {
      "version": "2.0.5",
      "resolved": "https://registry.npmjs.org/isarray/-/isarray-2.0.5.tgz",
      "integrity": "sha512-xHjhDr3cNBK0BzdUJSPXZntQUx/mwMS5Rw4A7lPJ90XGAO6ISP/ePDNuo0vhqOZU+UD5JoodwCAAoZQd3FeAKw==",
      "license": "MIT"
    },
    "node_modules/json-stable-stringify": {
      "version": "1.3.0",
      "resolved": "https://registry.npmjs.org/json-stable-stringify/-/json-stable-stringify-1.3.0.tgz",
      "integrity": "sha512-qtYiSSFlwot9XHtF9bD9c7rwKjr+RecWT//ZnPvSmEjpV5mmPOCN4j8UjY5hbjNkOwZ/jQv3J6R1/pL7RwgMsg==",
      "license": "MIT",
      "dependencies": {
        "call-bind": "^1.0.8",
        "call-bound": "^1.0.4",
        "isarray": "^2.0.5",
        "jsonify": "^0.0.1",
        "object-keys": "^1.1.1"
      },
      "engines": {
        "node": ">= 0.4"
      },
      "funding": {
        "url": "https://github.com/sponsors/ljharb"
      }
    },
    "node_modules/jsonify": {
      "version": "0.0.1",
      "resolved": "https://registry.npmjs.org/jsonify/-/jsonify-0.0.1.tgz",
      "integrity": "sha512-2/Ki0GcmuqSrgFyelQq9M05y7PS0mEwuIzrf3f1fPqkVDVRvZrPZtVSMHxdgo8Aq0sxAOb/cr2aqqA3LeWHVPg==",
      "license": "Public Domain",
      "funding": {
        "url": "https://github.com/sponsors/ljharb"
      }
    },
    "node_modules/kleur": {
      "version": "3.0.3",
      "resolved": "https://registry.npmjs.org/kleur/-/kleur-3.0.3.tgz",
      "integrity": "sha512-eTIzlVOSUR+JxdDFepEYcBMtZ9Qqdef+rnzWdRZuMbOywu5tO2w2N7rqjoANZ5k9vywhL6Br1VRjUIgTQx4E8w==",
      "license": "MIT",
      "engines": {
        "node": ">=6"
      }
    },
    "node_modules/math-intrinsics": {
      "version": "1.1.0",
      "resolved": "https://registry.npmjs.org/math-intrinsics/-/math-intrinsics-1.1.0.tgz",
      "integrity": "sha512-/IXtbwEk5HTPyEwyKX6hGkYXxM9nbj64B+ilVJnC/R6B0pH5G4V3b0pVbL7DBj4tkhBAppbQUlf6F6Xl9LHu1g==",
      "license": "MIT",
      "engines": {
        "node": ">= 0.4"
      }
    },
    "node_modules/nunjucks": {
      "version": "3.2.4",
      "resolved": "https://registry.npmjs.org/nunjucks/-/nunjucks-3.2.4.tgz",
      "integrity": "sha512-26XRV6BhkgK0VOxfbU5cQI+ICFUtMLixv1noZn1tGU38kQH5A5nmmbk/O45xdyBhD1esk47nKrY0mvQpZIhRjQ==",
      "license": "BSD-2-Clause",
      "dependencies": {
        "a-sync-waterfall": "^1.0.0",
        "asap": "^2.0.3",
        "commander": "^5.1.0"
      },
      "bin": {
        "nunjucks-precompile": "bin/precompile"
      },
      "engines": {
        "node": ">= 6.9.0"
      },
      "peerDependencies": {
        "chokidar": "^3.3.0"
      },
      "peerDependenciesMeta": {
        "chokidar": {
          "optional": true
        }
      }
    },
    "node_modules/nunjucks/node_modules/commander": {
      "version": "5.1.0",
      "resolved": "https://registry.npmjs.org/commander/-/commander-5.1.0.tgz",
      "integrity": "sha512-P0CysNDQ7rtVw4QIQtm+MRxV66vKFSvlsQvGYXZWR3qFU0jlMKHZZZgw8e+8DSah4UDKMqnknRDQz+xuQXQ/Zg==",
      "license": "MIT",
      "engines": {
        "node": ">= 6"
      }
    },
    "node_modules/object-keys": {
      "version": "1.1.1",
      "resolved": "https://registry.npmjs.org/object-keys/-/object-keys-1.1.1.tgz",
      "integrity": "sha512-NuAESUOUMrlIXOfHKzD6bpPu3tYt3xvjNdRIQ+FeT0lNb4K8WR70CaDxhuNguS2XG+GjkyMwOzsN5ZktImfhLA==",
      "license": "MIT",
      "engines": {
        "node": ">= 0.4"
      }
    },
    "node_modules/picocolors": {
      "version": "1.1.1",
      "resolved": "https://registry.npmjs.org/picocolors/-/picocolors-1.1.1.tgz",
      "integrity": "sha512-xceH2snhtb5M9liqDsmEw56le376mTZkEX/jEb/RxNFyegNul7eNslCXP9FDj/Lcu0X8KEyMceP2ntpaHrDEVA==",
      "license": "ISC"
    },
    "node_modules/prompts": {
      "version": "2.4.2",
      "resolved": "https://registry.npmjs.org/prompts/-/prompts-2.4.2.tgz",
      "integrity": "sha512-NxNv/kLguCA7p3jE8oL2aEBsrJWgAakBpgmgK6lpPWV+WuOmY6r2/zbAVnP+T8bQlA0nzHXSJSJW0Hq7ylaD2Q==",
      "license": "MIT",
      "dependencies": {
        "kleur": "^3.0.3",
        "sisteransi": "^1.0.5"
      },
      "engines": {
        "node": ">= 6"
      }
    },
    "node_modules/semver": {
      "version": "7.7.4",
      "resolved": "https://registry.npmjs.org/semver/-/semver-7.7.4.tgz",
      "integrity": "sha512-vFKC2IEtQnVhpT78h1Yp8wzwrf8CM+MzKMHGJZfBtzhZNycRFnXsHk6E5TxIkkMsgNS7mdX3AGB7x2QM2di4lA==",
      "license": "ISC",
      "bin": {
        "semver": "bin/semver.js"
      },
      "engines": {
        "node": ">=10"
      }
    },
    "node_modules/set-function-length": {
      "version": "1.2.2",
      "resolved": "https://registry.npmjs.org/set-function-length/-/set-function-length-1.2.2.tgz",
      "integrity": "sha512-pgRc4hJ4/sNjWCSS9AmnS40x3bNMDTknHgL5UaMBTMyJnU90EgWh1Rz+MC9eFu4BuN/UwZjKQuY/1v3rM7HMfg==",
      "license": "MIT",
      "dependencies": {
        "define-data-property": "^1.1.4",
        "es-errors": "^1.3.0",
        "function-bind": "^1.1.2",
        "get-intrinsic": "^1.2.4",
        "gopd": "^1.0.1",
        "has-property-descriptors": "^1.0.2"
      },
      "engines": {
        "node": ">= 0.4"
      }
    },
    "node_modules/sisteransi": {
      "version": "1.0.5",
      "resolved": "https://registry.npmjs.org/sisteransi/-/sisteransi-1.0.5.tgz",
      "integrity": "sha512-bLGGlR1QxBcynn2d5YmDX4MGjlZvy2MRBDRNHLJ8VI6l6+9FUiyTFNJ0IveOSP0bcXgVDPRcfGqA0pjaqUpfVg==",
      "license": "MIT"
    }
  }
}
