[[package]]
name = "ownership"
version = "0.26.0"
source = "registry+ownership?0.26.0#QmbVoNUrvCTyQTdE8ZP83XxTQQVzhrevfMqk1rAJAkMFVo!"
dependencies = [
    "src5",
    "std",
]

[[package]]
name = "pyth-contract"
source = "member"
dependencies = [
    "ownership",
    "pyth_interface",
    "src5",
    "std",
]

[[package]]
name = "pyth_interface"
source = "path+from-root-555D3D27A908977B"
dependencies = ["std"]

[[package]]
name = "src5"
version = "0.8.0"
source = "registry+src5?0.8.0#QmNRPZrPHFBiEAyWPU8gesdPsD2zb3cMKwEgxJwV1ZEjyD!"
dependencies = ["std"]

[[package]]
name = "std"
version = "0.68.9"
source = "registry+std?0.68.9#QmUaBxMs2JvY1bXgRCdeCsG3o6TN82ftRgv4Tq7ytqUGUT!"
