{
  "name": "pyth-mock-solidity",
  "version": "1.0.0",
  "lockfileVersion": 3,
  "requires": true,
  "packages": {
    "": {
      "name": "pyth-mock-solidity",
      "version": "1.0.0",
      "license": "ISC",
      "dependencies": {
        "@pythnetwork/pyth-sdk-solidity": "^4.0.0"
      }
    },
    "node_modules/@pythnetwork/pyth-sdk-solidity": {
      "version": "4.0.0",
      "resolved": "https://registry.npmjs.org/@pythnetwork/pyth-sdk-solidity/-/pyth-sdk-solidity-4.0.0.tgz",
      "integrity": "sha512-Cy2MvSN1Oh5YpIYmZd2In6/gfXbGjnpazmXKioTuq07Drp4Rl2XHcvtqHdgilplCl32IG4pU+XoRafpexID08A==",
      "license": "Apache-2.0"
    }
  }
}
