# @generated by Move, please check-in and do not edit manually.

[move]
version = 3
manifest_digest = "B3029D9D1CE7117C8666ADFA33DCF00F71D32B3A6D848E3A7DBCE5A792B691C2"
deps_digest = "3C4103934B1E040BB6B23F1D610B4EF9F2F1166A50A104EADCF77467C004C600"

dependencies = [
  { id = "Sui", name = "Sui" },
  { id = "Wormhole", name = "Wormhole" },
]

[[move.package]]
id = "MoveStdlib"
source = { git = "https://github.com/MystenLabs/sui.git", rev = "041c5f2bae2fe52079e44b70514333532d69f4e6", subdir = "crates/sui-framework/packages/move-stdlib" }

[[move.package]]
id = "Sui"
source = { git = "https://github.com/MystenLabs/sui.git", rev = "041c5f2bae2fe52079e44b70514333532d69f4e6", subdir = "crates/sui-framework/packages/sui-framework" }

dependencies = [
  { id = "MoveStdlib", name = "MoveStdlib" },
]

[[move.package]]
id = "Wormhole"
source = { git = "https://github.com/wormhole-foundation/wormhole.git", rev = "82d82bffd5a8566e4b5d94be4e4678ad55ab1f4f", subdir = "sui/wormhole" }

dependencies = [
  { id = "Sui", name = "Sui" },
]

[move.toolchain-version]
compiler-version = "1.48.1"
edition = "2024"
flavor = "sui"
