# This file was generated by Aiken
# You typically do not need to edit this file

[[requirements]]
name = "aiken-lang/stdlib"
version = "v3.0.0"
source = "github"

[[requirements]]
name = "pyth-network/pyth-lazer-cardano"
version = "main"
source = "github"

[[packages]]
name = "aiken-lang/stdlib"
version = "v3.0.0"
requirements = []
source = "github"

[[packages]]
name = "pyth-network/pyth-lazer-cardano"
version = "main"
requirements = []
source = "github"

[etags]
"pyth-network/pyth-lazer-cardano@main" = [{ secs_since_epoch = 1773662882, nanos_since_epoch = 441626000 }, "a46dacd97a22eb07feeaf966d48c3116c8249ddc836705656e3135cea285bcfc"]
