# This file was generated by Aiken
# You typically do not need to edit this file

[[requirements]]
name = "aiken-lang/stdlib"
version = "v3.0.0"
source = "github"

[[requirements]]
name = "pyth-network/pyth-lazer-cardano"
version = "main"
source = "github"

[[packages]]
name = "aiken-lang/stdlib"
version = "v3.0.0"
requirements = []
source = "github"

[[packages]]
name = "pyth-network/pyth-lazer-cardano"
version = "main"
requirements = []
source = "github"

[etags]
"pyth-network/pyth-lazer-cardano@main" = [{ secs_since_epoch = 1777576096, nanos_since_epoch = 877096000 }, "5b972db4175ec8186cf20f19b012a6bccae09900c12aa896a80e42337976bc11"]
