# This file was generated by Aiken
# You typically do not need to edit this file

[[requirements]]
name = "aiken-lang/stdlib"
version = "v3.0.0"
source = "github"

[[requirements]]
name = "pyth-network/pyth-lazer-cardano"
version = "matej/init"
source = "github"

[[packages]]
name = "aiken-lang/stdlib"
version = "v3.0.0"
requirements = []
source = "github"

[[packages]]
name = "pyth-network/pyth-lazer-cardano"
version = "matej/init"
requirements = []
source = "github"

[etags]
"pyth-network/pyth-lazer-cardano@matej/init" = [{ secs_since_epoch = 1772706548, nanos_since_epoch = 372950000 }, "9eea57f3cf86b829734f1feec0b9a91a7179aa530f55725da73b1cdb9c722c65"]
